// !$*UTF8*$!
{
	archiveVersion = 1;
	classes = {
	};
	objectVersion = 50;
	objects = {

/* Begin PBXBuildFile section */
		E61C2CDC234525C600D8692D /* ColorButton.swift in Sources */ = {isa = PBXBuildFile; fileRef = E61C2CDB234525C600D8692D /* ColorButton.swift */; };
		E61F9CFA2344066600434E37 /* AppDelegate.swift in Sources */ = {isa = PBXBuildFile; fileRef = E61F9CF92344066600434E37 /* AppDelegate.swift */; };
		E61F9CFC2344066600434E37 /* ViewController.swift in Sources */ = {isa = PBXBuildFile; fileRef = E61F9CFB2344066600434E37 /* ViewController.swift */; };
		E61F9CFF2344066600434E37 /* Main.storyboard in Resources */ = {isa = PBXBuildFile; fileRef = E61F9CFD2344066600434E37 /* Main.storyboard */; };
		E61F9D012344066700434E37 /* Assets.xcassets in Resources */ = {isa = PBXBuildFile; fileRef = E61F9D002344066700434E37 /* Assets.xcassets */; };
		E61F9D042344066700434E37 /* LaunchScreen.storyboard in Resources */ = {isa = PBXBuildFile; fileRef = E61F9D022344066700434E37 /* LaunchScreen.storyboard */; };
		E61F9D0E234416F900434E37 /* path.swift in Sources */ = {isa = PBXBuildFile; fileRef = E61F9D0D234416F900434E37 /* path.swift */; };
		E61F9D10234419A300434E37 /* PathView.swift in Sources */ = {isa = PBXBuildFile; fileRef = E61F9D0F234419A300434E37 /* PathView.swift */; };
/* End PBXBuildFile section */

/* Begin PBXFileReference section */
		E61C2CDB234525C600D8692D /* ColorButton.swift */ = {isa = PBXFileReference; lastKnownFileType = sourcecode.swift; path = ColorButton.swift; sourceTree = "<group>"; };
		E61F9CF62344066600434E37 /* Lab 3 Drawing App.app */ = {isa = PBXFileReference; explicitFileType = wrapper.application; includeInIndex = 0; path = "Lab 3 Drawing App.app"; sourceTree = BUILT_PRODUCTS_DIR; };
		E61F9CF92344066600434E37 /* AppDelegate.swift */ = {isa = PBXFileReference; lastKnownFileType = sourcecode.swift; path = AppDelegate.swift; sourceTree = "<group>"; };
		E61F9CFB2344066600434E37 /* ViewController.swift */ = {isa = PBXFileReference; lastKnownFileType = sourcecode.swift; path = ViewController.swift; sourceTree = "<group>"; };
		E61F9CFE2344066600434E37 /* Base */ = {isa = PBXFileReference; lastKnownFileType = file.storyboard; name = Base; path = Base.lproj/Main.storyboard; sourceTree = "<group>"; };
		E61F9D002344066700434E37 /* Assets.xcassets */ = {isa = PBXFileReference; lastKnownFileType = folder.assetcatalog; path = Assets.xcassets; sourceTree = "<group>"; };
		E61F9D032344066700434E37 /* Base */ = {isa = PBXFileReference; lastKnownFileType = file.storyboard; name = Base; path = Base.lproj/LaunchScreen.storyboard; sourceTree = "<group>"; };
		E61F9D052344066700434E37 /* Info.plist */ = {isa = PBXFileReference; lastKnownFileType = text.plist.xml; path = Info.plist; sourceTree = "<group>"; };
		E61F9D0D234416F900434E37 /* path.swift */ = {isa = PBXFileReference; fileEncoding = 4; lastKnownFileType = sourcecode.swift; path = path.swift; sourceTree = "<group>"; };
		E61F9D0F234419A300434E37 /* PathView.swift */ = {isa = PBXFileReference; lastKnownFileType = sourcecode.swift; path = PathView.swift; sourceTree = "<group>"; };
/* End PBXFileReference section */

/* Begin PBXFrameworksBuildPhase section */
		E61F9CF32344066600434E37 /* Frameworks */ = {
			isa = PBXFrameworksBuildPhase;
			buildActionMask = 2147483647;
			files = (
			);
			runOnlyForDeploymentPostprocessing = 0;
		};
/* End PBXFrameworksBuildPhase section */

/* Begin PBXGroup section */
		E61F9CED2344066600434E37 = {
			isa = PBXGroup;
			children = (
				E61F9CF82344066600434E37 /* Lab 3 Drawing App */,
				E61F9CF72344066600434E37 /* Products */,
			);
			sourceTree = "<group>";
		};
		E61F9CF72344066600434E37 /* Products */ = {
			isa = PBXGroup;
			children = (
				E61F9CF62344066600434E37 /* Lab 3 Drawing App.app */,
			);
			name = Products;
			sourceTree = "<group>";
		};
		E61F9CF82344066600434E37 /* Lab 3 Drawing App */ = {
			isa = PBXGroup;
			children = (
				E61F9D0D234416F900434E37 /* path.swift */,
				E61F9CF92344066600434E37 /* AppDelegate.swift */,
				E61F9CFB2344066600434E37 /* ViewController.swift */,
				E61C2CDB234525C600D8692D /* ColorButton.swift */,
				E61F9CFD2344066600434E37 /* Main.storyboard */,
				E61F9D002344066700434E37 /* Assets.xcassets */,
				E61F9D022344066700434E37 /* LaunchScreen.storyboard */,
				E61F9D052344066700434E37 /* Info.plist */,
				E61F9D0F234419A300434E37 /* PathView.swift */,
			);
			path = "Lab 3 Drawing App";
			sourceTree = "<group>";
		};
/* End PBXGroup section */

/* Begin PBXNativeTarget section */
		E61F9CF52344066600434E37 /* Lab 3 Drawing App */ = {
			isa = PBXNativeTarget;
			buildConfigurationList = E61F9D082344066700434E37 /* Build configuration list for PBXNativeTarget "Lab 3 Drawing App" */;
			buildPhases = (
				E61F9CF22344066600434E37 /* Sources */,
				E61F9CF32344066600434E37 /* Frameworks */,
				E61F9CF42344066600434E37 /* Resources */,
			);
			buildRules = (
			);
			dependencies = (
			);
			name = "Lab 3 Drawing App";
			productName = "Lab 3 Drawing App";
			productReference = E61F9CF62344066600434E37 /* Lab 3 Drawing App.app */;
			productType = "com.apple.product-type.application";
		};
/* End PBXNativeTarget section */

/* Begin PBXProject section */
		E61F9CEE2344066600434E37 /* Project object */ = {
			isa = PBXProject;
			attributes = {
				LastSwiftUpdateCheck = 1020;
				LastUpgradeCheck = 1020;
				ORGANIZATIONNAME = "Zoe Wang";
				TargetAttributes = {
					E61F9CF52344066600434E37 = {
						CreatedOnToolsVersion = 10.2.1;
					};
				};
			};
			buildConfigurationList = E61F9CF12344066600434E37 /* Build configuration list for PBXProject "Lab 3 Drawing App" */;
			compatibilityVersion = "Xcode 9.3";
			developmentRegion = en;
			hasScannedForEncodings = 0;
			knownRegions = (
				en,
				Base,
			);
			mainGroup = E61F9CED2344066600434E37;
			productRefGroup = E61F9CF72344066600434E37 /* Products */;
			projectDirPath = "";
			projectRoot = "";
			targets = (
				E61F9CF52344066600434E37 /* Lab 3 Drawing App */,
			);
		};
/* End PBXProject section */

/* Begin PBXResourcesBuildPhase section */
		E61F9CF42344066600434E37 /* Resources */ = {
			isa = PBXResourcesBuildPhase;
			buildActionMask = 2147483647;
			files = (
				E61F9D042344066700434E37 /* LaunchScreen.storyboard in Resources */,
				E61F9D012344066700434E37 /* Assets.xcassets in Resources */,
				E61F9CFF2344066600434E37 /* Main.storyboard in Resources */,
			);
			runOnlyForDeploymentPostprocessing = 0;
		};
/* End PBXResourcesBuildPhase section */

/* Begin PBXSourcesBuildPhase section */
		E61F9CF22344066600434E37 /* Sources */ = {
			isa = PBXSourcesBuildPhase;
			buildActionMask = 2147483647;
			files = (
				E61F9CFC2344066600434E37 /* ViewController.swift in Sources */,
				E61F9D10234419A300434E37 /* PathView.swift in Sources */,
				E61C2CDC234525C600D8692D /* ColorButton.swift in Sources */,
				E61F9D0E234416F900434E37 /* path.swift in Sources */,
				E61F9CFA2344066600434E37 /* AppDelegate.swift in Sources */,
			);
			runOnlyForDeploymentPostprocessing = 0;
		};
/* End PBXSourcesBuildPhase section */

/* Begin PBXVariantGroup section */
		E61F9CFD2344066600434E37 /* Main.storyboard */ = {
			isa = PBXVariantGroup;
			children = (
				E61F9CFE2344066600434E37 /* Base */,
			);
			name = Main.storyboard;
			sourceTree = "<group>";
		};
		E61F9D022344066700434E37 /* LaunchScreen.storyboard */ = {
			isa = PBXVariantGroup;
			children = (
				E61F9D032344066700434E37 /* Base */,
			);
			name = LaunchScreen.storyboard;
			sourceTree = "<group>";
		};
/* End PBXVariantGroup section */

/* Begin XCBuildConfiguration section */
		E61F9D062344066700434E37 /* Debug */ = {
			isa = XCBuildConfiguration;
			buildSettings = {
				ALWAYS_SEARCH_USER_PATHS = NO;
				CLANG_ANALYZER_NONNULL = YES;
				CLANG_ANALYZER_NUMBER_OBJECT_CONVERSION = YES_AGGRESSIVE;
				CLANG_CXX_LANGUAGE_STANDARD = "gnu++14";
				CLANG_CXX_LIBRARY = "libc++";
				CLANG_ENABLE_MODULES = YES;
				CLANG_ENABLE_OBJC_ARC = YES;
				CLANG_ENABLE_OBJC_WEAK = YES;
				CLANG_WARN_BLOCK_CAPTURE_AUTORELEASING = YES;
				CLANG_WARN_BOOL_CONVERSION = YES;
				CLANG_WARN_COMMA = YES;
				CLANG_WARN_CONSTANT_CONVERSION = YES;
				CLANG_WARN_DEPRECATED_OBJC_IMPLEMENTATIONS = YES;
				CLANG_WARN_DIRECT_OBJC_ISA_USAGE = YES_ERROR;
				CLANG_WARN_DOCUMENTATION_COMMENTS = YES;
				CLANG_WARN_EMPTY_BODY = YES;
				CLANG_WARN_ENUM_CONVERSION = YES;
				CLANG_WARN_INFINITE_RECURSION = YES;
				CLANG_WARN_INT_CONVERSION = YES;
				CLANG_WARN_NON_LITERAL_NULL_CONVERSION = YES;
				CLANG_WARN_OBJC_IMPLICIT_RETAIN_SELF = YES;
				CLANG_WARN_OBJC_LITERAL_CONVERSION = YES;
				CLANG_WARN_OBJC_ROOT_CLASS = YES_ERROR;
				CLANG_WARN_RANGE_LOOP_ANALYSIS = YES;
				CLANG_WARN_STRICT_PROTOTYPES = YES;
				CLANG_WARN_SUSPICIOUS_MOVE = YES;
				CLANG_WARN_UNGUARDED_AVAILABILITY = YES_AGGRESSIVE;
				CLANG_WARN_UNREACHABLE_CODE = YES;
				CLANG_WARN__DUPLICATE_METHOD_MATCH = YES;
				CODE_SIGN_IDENTITY = "iPhone Developer";
				COPY_PHASE_STRIP = NO;
				DEBUG_INFORMATION_FORMAT = dwarf;
				ENABLE_STRICT_OBJC_MSGSEND = YES;
				ENABLE_TESTABILITY = YES;
				GCC_C_LANGUAGE_STANDARD = gnu11;
				GCC_DYNAMIC_NO_PIC = NO;
				GCC_NO_COMMON_BLOCKS = YES;
				GCC_OPTIMIZATION_LEVEL = 0;
				GCC_PREPROCESSOR_DEFINITIONS = (
					"DEBUG=1",
					"$(inherited)",
				);
				GCC_WARN_64_TO_32_BIT_CONVERSION = YES;
				GCC_WARN_ABOUT_RETURN_TYPE = YES_ERROR;
				GCC_WARN_UNDECLARED_SELECTOR = YES;
				GCC_WARN_UNINITIALIZED_AUTOS = YES_AGGRESSIVE;
				GCC_WARN_UNUSED_FUNCTION = YES;
				GCC_WARN_UNUSED_VARIABLE = YES;
				IPHONEOS_DEPLOYMENT_TARGET = 12.2;
				MTL_ENABLE_DEBUG_INFO = INCLUDE_SOURCE;
				MTL_FAST_MATH = YES;
				ONLY_ACTIVE_ARCH = YES;
				SDKROOT = iphoneos;
				SWIFT_ACTIVE_COMPILATION_CONDITIONS = DEBUG;
				SWIFT_OPTIMIZATION_LEVEL = "-Onone";
			};
			name = Debug;
		};
		E61F9D072344066700434E37 /* Release */ = {
			isa = XCBuildConfiguration;
			buildSettings = {
				ALWAYS_SEARCH_USER_PATHS = NO;
				CLANG_ANALYZER_NONNULL = YES;
				CLANG_ANALYZER_NUMBER_OBJECT_CONVERSION = YES_AGGRESSIVE;
				CLANG_CXX_LANGUAGE_STANDARD = "gnu++14";
				CLANG_CXX_LIBRARY = "libc++";
				CLANG_ENABLE_MODULES = YES;
				CLANG_ENABLE_OBJC_ARC = YES;
				CLANG_ENABLE_OBJC_WEAK = YES;
				CLANG_WARN_BLOCK_CAPTURE_AUTORELEASING = YES;
				CLANG_WARN_BOOL_CONVERSION = YES;
				CLANG_WARN_COMMA = YES;
				CLANG_WARN_CONSTANT_CONVERSION = YES;
				CLANG_WARN_DEPRECATED_OBJC_IMPLEMENTATIONS = YES;
				CLANG_WARN_DIRECT_OBJC_ISA_USAGE = YES_ERROR;
				CLANG_WARN_DOCUMENTATION_COMMENTS = YES;
				CLANG_WARN_EMPTY_BODY = YES;
				CLANG_WARN_ENUM_CONVERSION = YES;
				CLANG_WARN_INFINITE_RECURSION = YES;
				CLANG_WARN_INT_CONVERSION = YES;
				CLANG_WARN_NON_LITERAL_NULL_CONVERSION = YES;
				CLANG_WARN_OBJC_IMPLICIT_RETAIN_SELF = YES;
				CLANG_WARN_OBJC_LITERAL_CONVERSION = YES;
				CLANG_WARN_OBJC_ROOT_CLASS = YES_ERROR;
				CLANG_WARN_RANGE_LOOP_ANALYSIS = YES;
				CLANG_WARN_STRICT_PROTOTYPES = YES;
				CLANG_WARN_SUSPICIOUS_MOVE = YES;
				CLANG_WARN_UNGUARDED_AVAILABILITY = YES_AGGRESSIVE;
				CLANG_WARN_UNREACHABLE_CODE = YES;
				CLANG_WARN__DUPLICATE_METHOD_MATCH = YES;
				CODE_SIGN_IDENTITY = "iPhone Developer";
				COPY_PHASE_STRIP = NO;
				DEBUG_INFORMATION_FORMAT = "dwarf-with-dsym";
				ENABLE_NS_ASSERTIONS = NO;
				ENABLE_STRICT_OBJC_MSGSEND = YES;
				GCC_C_LANGUAGE_STANDARD = gnu11;
				GCC_NO_COMMON_BLOCKS = YES;
				GCC_WARN_64_TO_32_BIT_CONVERSION = YES;
				GCC_WARN_ABOUT_RETURN_TYPE = YES_ERROR;
				GCC_WARN_UNDECLARED_SELECTOR = YES;
				GCC_WARN_UNINITIALIZED_AUTOS = YES_AGGRESSIVE;
				GCC_WARN_UNUSED_FUNCTION = YES;
				GCC_WARN_UNUSED_VARIABLE = YES;
				IPHONEOS_DEPLOYMENT_TARGET = 12.2;
				MTL_ENABLE_DEBUG_INFO = NO;
				MTL_FAST_MATH = YES;
				SDKROOT = iphoneos;
				SWIFT_COMPILATION_MODE = wholemodule;
				SWIFT_OPTIMIZATION_LEVEL = "-O";
				VALIDATE_PRODUCT = YES;
			};
			name = Release;
		};
		E61F9D092344066700434E37 /* Debug */ = {
			isa = XCBuildConfiguration;
			buildSettings = {
				ASSETCATALOG_COMPILER_APPICON_NAME = AppIcon;
				CODE_SIGN_STYLE = Automatic;
				INFOPLIST_FILE = "Lab 3 Drawing App/Info.plist";
				LD_RUNPATH_SEARCH_PATHS = (
					"$(inherited)",
					"@executable_path/Frameworks",
				);
				PRODUCT_BUNDLE_IDENTIFIER = "ziyi.wang.Lab-3-Drawing-App";
				PRODUCT_NAME = "$(TARGET_NAME)";
				SWIFT_VERSION = 5.0;
				TARGETED_DEVICE_FAMILY = "1,2";
			};
			name = Debug;
		};
		E61F9D0A2344066700434E37 /* Release */ = {
			isa = XCBuildConfiguration;
			buildSettings = {
				ASSETCATALOG_COMPILER_APPICON_NAME = AppIcon;
				CODE_SIGN_STYLE = Automatic;
				INFOPLIST_FILE = "Lab 3 Drawing App/Info.plist";
				LD_RUNPATH_SEARCH_PATHS = (
					"$(inherited)",
					"@executable_path/Frameworks",
				);
				PRODUCT_BUNDLE_IDENTIFIER = "ziyi.wang.Lab-3-Drawing-App";
				PRODUCT_NAME = "$(TARGET_NAME)";
				SWIFT_VERSION = 5.0;
				TARGETED_DEVICE_FAMILY = "1,2";
			};
			name = Release;
		};
/* End XCBuildConfiguration section */

/* Begin XCConfigurationList section */
		E61F9CF12344066600434E37 /* Build configuration list for PBXProject "Lab 3 Drawing App" */ = {
			isa = XCConfigurationList;
			buildConfigurations = (
				E61F9D062344066700434E37 /* Debug */,
				E61F9D072344066700434E37 /* Release */,
			);
			defaultConfigurationIsVisible = 0;
			defaultConfigurationName = Release;
		};
		E61F9D082344066700434E37 /* Build configuration list for PBXNativeTarget "Lab 3 Drawing App" */ = {
			isa = XCConfigurationList;
			buildConfigurations = (
				E61F9D092344066700434E37 /* Debug */,
				E61F9D0A2344066700434E37 /* Release */,
			);
			defaultConfigurationIsVisible = 0;
			defaultConfigurationName = Release;
		};
/* End XCConfigurationList section */
	};
	rootObject = E61F9CEE2344066600434E37 /* Project object */;
}
